// !$*UTF8*$!
{
	archiveVersion = 1;
	classes = {
	};
	objectVersion = 56;
	objects = {

/* Begin PBXBuildFile section */
		A57390FCF297F44A8BE26150 /* NeuralEtherApp.swift in Sources */ = {isa = PBXBuildFile; fileRef = 20D65C79A9EAF8FA5360F1A6 /* NeuralEtherApp.swift */; };
		DAE674CC9023273866B5B783 /* NeuralOrchestrator.swift in Sources */ = {isa = PBXBuildFile; fileRef = DD4ECE77081C75D20E5A5AB0 /* NeuralOrchestrator.swift */; };
		BD41A15FD02F3070A7542C32 /* MainContainerView.swift in Sources */ = {isa = PBXBuildFile; fileRef = B86D2F3FA14F0FAA19A6CCDB /* MainContainerView.swift */; };
		88111698888F9DABD9AB3728 /* DesignTokens.swift in Sources */ = {isa = PBXBuildFile; fileRef = E61DFAC20BE6A0AD0385F507 /* DesignTokens.swift */; };
		F9CF613BCD15C4E0D9764C57 /* Typography.swift in Sources */ = {isa = PBXBuildFile; fileRef = 7B4D82C7A8C41D884EFD0EAC /* Typography.swift */; };
		F82168BB2F792A09AA9EB130 /* GlassmorphismModifier.swift in Sources */ = {isa = PBXBuildFile; fileRef = 459BDBF2A8B0239C2BD4A5E4 /* GlassmorphismModifier.swift */; };
		813754ED71A690299C1988F1 /* NeuralButtonStyle.swift in Sources */ = {isa = PBXBuildFile; fileRef = D0754B4E151065E5DC7FDFC5 /* NeuralButtonStyle.swift */; };
		524EA850591372F5E12A8971 /* NeuralTrace.swift in Sources */ = {isa = PBXBuildFile; fileRef = 0F9CF837F2B5E729A40C3A69 /* NeuralTrace.swift */; };
		99A21712AABB115C56BD700B /* CircularProgressView.swift in Sources */ = {isa = PBXBuildFile; fileRef = 082E26CDA1C4B78EC7F7B9B6 /* CircularProgressView.swift */; };
		433007093B96A2AEC35A1F68 /* StatBox.swift in Sources */ = {isa = PBXBuildFile; fileRef = CAA299917DB2A09CFE695797 /* StatBox.swift */; };
		F479B4E3DF44B8032D6AD2D6 /* InsightCard.swift in Sources */ = {isa = PBXBuildFile; fileRef = 92C5CDA62AA6339B80D03DCF /* InsightCard.swift */; };
		A0E50CF6268AF22AA4682A68 /* GhostTextField.swift in Sources */ = {isa = PBXBuildFile; fileRef = E1DF73B902DDAAC553E618C5 /* GhostTextField.swift */; };
		999F6C298FE90C9AD8535A17 /* ProcessChip.swift in Sources */ = {isa = PBXBuildFile; fileRef = 79713728EDEFE7DD3E77E93B /* ProcessChip.swift */; };
		30C55041EEF24C104A99BFCD /* LogListView.swift in Sources */ = {isa = PBXBuildFile; fileRef = 6A9745FF4B50AD3DFDAD7A5C /* LogListView.swift */; };
		4D1A0B5E095A93A49D165D07 /* DashboardView.swift in Sources */ = {isa = PBXBuildFile; fileRef = DAE218B517E62F5E5FF54393 /* DashboardView.swift */; };
		AB1D13059555A2772F0400B6 /* CreativeForgeView.swift in Sources */ = {isa = PBXBuildFile; fileRef = 7E115986A3059610C395E466 /* CreativeForgeView.swift */; };
		65EF848F6C03FD5EBFAA0FF6 /* SecurityVaultView.swift in Sources */ = {isa = PBXBuildFile; fileRef = 85CB9A31F8F793D42C925A63 /* SecurityVaultView.swift */; };
		8FB4156762CD894FB5894A69 /* DeploymentHubView.swift in Sources */ = {isa = PBXBuildFile; fileRef = 9A32B632B47DFE04A8CAEE5A /* DeploymentHubView.swift */; };
		6684ACD11DCF5124B757C016 /* NeuralSearchView.swift in Sources */ = {isa = PBXBuildFile; fileRef = 76EE19C3A923A398464643B5 /* NeuralSearchView.swift */; };
		96084FFBA5E0DE359AE55686 /* CreatorPanelView.swift in Sources */ = {isa = PBXBuildFile; fileRef = DAFC202297956F60A6217CAB /* CreatorPanelView.swift */; };
		95197EF0C00D47E79F9B04B3 /* Color+Hex.swift in Sources */ = {isa = PBXBuildFile; fileRef = 3EA4C3103D74D91CC3B61ABD /* Color+Hex.swift */; };
		1253613CF10DAF2FA7DE13DE /* Assets.xcassets in Resources */ = {isa = PBXBuildFile; fileRef = D5DE88EA417BDF66BA3E1894 /* Assets.xcassets */; };
/* End PBXBuildFile section */

/* Begin PBXFileReference section */
		20D65C79A9EAF8FA5360F1A6 /* NeuralEtherApp.swift */ = {isa = PBXFileReference; lastKnownFileType = sourcecode.swift; path = NeuralEtherApp.swift; sourceTree = "<group>"; };
		DD4ECE77081C75D20E5A5AB0 /* NeuralOrchestrator.swift */ = {isa = PBXFileReference; lastKnownFileType = sourcecode.swift; path = NeuralOrchestrator.swift; sourceTree = "<group>"; };
		B86D2F3FA14F0FAA19A6CCDB /* MainContainerView.swift */ = {isa = PBXFileReference; lastKnownFileType = sourcecode.swift; path = MainContainerView.swift; sourceTree = "<group>"; };
		E61DFAC20BE6A0AD0385F507 /* DesignTokens.swift */ = {isa = PBXFileReference; lastKnownFileType = sourcecode.swift; path = DesignTokens.swift; sourceTree = "<group>"; };
		7B4D82C7A8C41D884EFD0EAC /* Typography.swift */ = {isa = PBXFileReference; lastKnownFileType = sourcecode.swift; path = Typography.swift; sourceTree = "<group>"; };
		459BDBF2A8B0239C2BD4A5E4 /* GlassmorphismModifier.swift */ = {isa = PBXFileReference; lastKnownFileType = sourcecode.swift; path = GlassmorphismModifier.swift; sourceTree = "<group>"; };
		D0754B4E151065E5DC7FDFC5 /* NeuralButtonStyle.swift */ = {isa = PBXFileReference; lastKnownFileType = sourcecode.swift; path = NeuralButtonStyle.swift; sourceTree = "<group>"; };
		0F9CF837F2B5E729A40C3A69 /* NeuralTrace.swift */ = {isa = PBXFileReference; lastKnownFileType = sourcecode.swift; path = NeuralTrace.swift; sourceTree = "<group>"; };
		082E26CDA1C4B78EC7F7B9B6 /* CircularProgressView.swift */ = {isa = PBXFileReference; lastKnownFileType = sourcecode.swift; path = CircularProgressView.swift; sourceTree = "<group>"; };
		CAA299917DB2A09CFE695797 /* StatBox.swift */ = {isa = PBXFileReference; lastKnownFileType = sourcecode.swift; path = StatBox.swift; sourceTree = "<group>"; };
		92C5CDA62AA6339B80D03DCF /* InsightCard.swift */ = {isa = PBXFileReference; lastKnownFileType = sourcecode.swift; path = InsightCard.swift; sourceTree = "<group>"; };
		E1DF73B902DDAAC553E618C5 /* GhostTextField.swift */ = {isa = PBXFileReference; lastKnownFileType = sourcecode.swift; path = GhostTextField.swift; sourceTree = "<group>"; };
		79713728EDEFE7DD3E77E93B /* ProcessChip.swift */ = {isa = PBXFileReference; lastKnownFileType = sourcecode.swift; path = ProcessChip.swift; sourceTree = "<group>"; };
		6A9745FF4B50AD3DFDAD7A5C /* LogListView.swift */ = {isa = PBXFileReference; lastKnownFileType = sourcecode.swift; path = LogListView.swift; sourceTree = "<group>"; };
		DAE218B517E62F5E5FF54393 /* DashboardView.swift */ = {isa = PBXFileReference; lastKnownFileType = sourcecode.swift; path = DashboardView.swift; sourceTree = "<group>"; };
		7E115986A3059610C395E466 /* CreativeForgeView.swift */ = {isa = PBXFileReference; lastKnownFileType = sourcecode.swift; path = CreativeForgeView.swift; sourceTree = "<group>"; };
		85CB9A31F8F793D42C925A63 /* SecurityVaultView.swift */ = {isa = PBXFileReference; lastKnownFileType = sourcecode.swift; path = SecurityVaultView.swift; sourceTree = "<group>"; };
		9A32B632B47DFE04A8CAEE5A /* DeploymentHubView.swift */ = {isa = PBXFileReference; lastKnownFileType = sourcecode.swift; path = DeploymentHubView.swift; sourceTree = "<group>"; };
		76EE19C3A923A398464643B5 /* NeuralSearchView.swift */ = {isa = PBXFileReference; lastKnownFileType = sourcecode.swift; path = NeuralSearchView.swift; sourceTree = "<group>"; };
		DAFC202297956F60A6217CAB /* CreatorPanelView.swift */ = {isa = PBXFileReference; lastKnownFileType = sourcecode.swift; path = CreatorPanelView.swift; sourceTree = "<group>"; };
		3EA4C3103D74D91CC3B61ABD /* Color+Hex.swift */ = {isa = PBXFileReference; lastKnownFileType = sourcecode.swift; path = "Color+Hex.swift"; sourceTree = "<group>"; };
		F96FD3F547723E8AD6884A0C /* NeuralEtherOS.app */ = {isa = PBXFileReference; explicitFileType = wrapper.application; includeInIndex = 0; path = NeuralEtherOS.app; sourceTree = BUILT_PRODUCTS_DIR; };
		9A23BB9B9C4FB00984344C59 /* Info.plist */ = {isa = PBXFileReference; lastKnownFileType = text.plist.xml; path = Info.plist; sourceTree = "<group>"; };
		D5DE88EA417BDF66BA3E1894 /* Assets.xcassets */ = {isa = PBXFileReference; lastKnownFileType = folder.assetcatalog; path = Assets.xcassets; sourceTree = "<group>"; };
/* End PBXFileReference section */

/* Begin PBXFrameworksBuildPhase section */
		6DB04654966809A36F783873 /* Frameworks */ = {
			isa = PBXFrameworksBuildPhase;
			buildActionMask = 2147483647;
			files = (
			);
			runOnlyForDeploymentPostprocessing = 0;
		};
/* End PBXFrameworksBuildPhase section */

/* Begin PBXGroup section */
		B4E6DF54C7469AF0FB91F352 = {
			isa = PBXGroup;
			children = (
				E771643513743D1C69DDCEB6 /* NeuralEtherOS */,
				BF7A2D27A78D590BDEF15AF2 /* Products */,
			);
			sourceTree = "<group>";
		};
		BF7A2D27A78D590BDEF15AF2 /* Products */ = {
			isa = PBXGroup;
			children = (
				F96FD3F547723E8AD6884A0C /* NeuralEtherOS.app */,
			);
			name = Products;
			sourceTree = "<group>";
		};
		E771643513743D1C69DDCEB6 /* NeuralEtherOS */ = {
			isa = PBXGroup;
			children = (
				FE910D29D648D8F2EA669AEF /* App */,
				4724C3FAA6DC593B05F661BF /* Components */,
				B7AB829E147C5C30FE98B1CB /* Core */,
				75C76AD4A8285D8ACA888B61 /* DesignSystem */,
				3136E6F1DF677A1E5E9176FE /* Extensions */,
				F96A124F74B336036B524A40 /* Modules */,
				D5DE88EA417BDF66BA3E1894 /* Assets.xcassets */,
				9A23BB9B9C4FB00984344C59 /* Info.plist */,
			);
			path = NeuralEtherOS;
			sourceTree = "<group>";
		};
		FE910D29D648D8F2EA669AEF /* App */ = {
			isa = PBXGroup;
			children = (
				20D65C79A9EAF8FA5360F1A6 /* NeuralEtherApp.swift */,
			);
			path = App;
			sourceTree = "<group>";
		};
		4724C3FAA6DC593B05F661BF /* Components */ = {
			isa = PBXGroup;
			children = (
				082E26CDA1C4B78EC7F7B9B6 /* CircularProgressView.swift */,
				CAA299917DB2A09CFE695797 /* StatBox.swift */,
				92C5CDA62AA6339B80D03DCF /* InsightCard.swift */,
				E1DF73B902DDAAC553E618C5 /* GhostTextField.swift */,
				79713728EDEFE7DD3E77E93B /* ProcessChip.swift */,
				6A9745FF4B50AD3DFDAD7A5C /* LogListView.swift */,
			);
			path = Components;
			sourceTree = "<group>";
		};
		B7AB829E147C5C30FE98B1CB /* Core */ = {
			isa = PBXGroup;
			children = (
				DD4ECE77081C75D20E5A5AB0 /* NeuralOrchestrator.swift */,
				B86D2F3FA14F0FAA19A6CCDB /* MainContainerView.swift */,
			);
			path = Core;
			sourceTree = "<group>";
		};
		75C76AD4A8285D8ACA888B61 /* DesignSystem */ = {
			isa = PBXGroup;
			children = (
				E61DFAC20BE6A0AD0385F507 /* DesignTokens.swift */,
				7B4D82C7A8C41D884EFD0EAC /* Typography.swift */,
				459BDBF2A8B0239C2BD4A5E4 /* GlassmorphismModifier.swift */,
				D0754B4E151065E5DC7FDFC5 /* NeuralButtonStyle.swift */,
				0F9CF837F2B5E729A40C3A69 /* NeuralTrace.swift */,
			);
			path = DesignSystem;
			sourceTree = "<group>";
		};
		3136E6F1DF677A1E5E9176FE /* Extensions */ = {
			isa = PBXGroup;
			children = (
				3EA4C3103D74D91CC3B61ABD /* Color+Hex.swift */,
			);
			path = Extensions;
			sourceTree = "<group>";
		};
		F96A124F74B336036B524A40 /* Modules */ = {
			isa = PBXGroup;
			children = (
				4E445A9519AE0677379B7745 /* CreativeForge */,
				CFE10392CAC50C8C8551358F /* Creator */,
				74324A6D0C2CAF93C3A55DAA /* Dashboard */,
				9BF3FF50676933A263DE0CE6 /* DeploymentHub */,
				75D75A23C2B61BF9144770B9 /* Search */,
				B34BFE5AF63D6CA2A2A4470C /* SecurityVault */,
			);
			path = Modules;
			sourceTree = "<group>";
		};
		4E445A9519AE0677379B7745 /* CreativeForge */ = {
			isa = PBXGroup;
			children = (
				7E115986A3059610C395E466 /* CreativeForgeView.swift */,
			);
			path = CreativeForge;
			sourceTree = "<group>";
		};
		CFE10392CAC50C8C8551358F /* Creator */ = {
			isa = PBXGroup;
			children = (
				DAFC202297956F60A6217CAB /* CreatorPanelView.swift */,
			);
			path = Creator;
			sourceTree = "<group>";
		};
		74324A6D0C2CAF93C3A55DAA /* Dashboard */ = {
			isa = PBXGroup;
			children = (
				DAE218B517E62F5E5FF54393 /* DashboardView.swift */,
			);
			path = Dashboard;
			sourceTree = "<group>";
		};
		9BF3FF50676933A263DE0CE6 /* DeploymentHub */ = {
			isa = PBXGroup;
			children = (
				9A32B632B47DFE04A8CAEE5A /* DeploymentHubView.swift */,
			);
			path = DeploymentHub;
			sourceTree = "<group>";
		};
		75D75A23C2B61BF9144770B9 /* Search */ = {
			isa = PBXGroup;
			children = (
				76EE19C3A923A398464643B5 /* NeuralSearchView.swift */,
			);
			path = Search;
			sourceTree = "<group>";
		};
		B34BFE5AF63D6CA2A2A4470C /* SecurityVault */ = {
			isa = PBXGroup;
			children = (
				85CB9A31F8F793D42C925A63 /* SecurityVaultView.swift */,
			);
			path = SecurityVault;
			sourceTree = "<group>";
		};
/* End PBXGroup section */

/* Begin PBXNativeTarget section */
		6772EC0E5D0CA05E04DDDB49 /* NeuralEtherOS */ = {
			isa = PBXNativeTarget;
			buildConfigurationList = 8275601EC0673110326614E6 /* Build configuration list for PBXNativeTarget "NeuralEtherOS" */;
			buildPhases = (
				7B1AB24959979FF757979CE2 /* Sources */,
				6DB04654966809A36F783873 /* Frameworks */,
				BC01316BBCA63BD9F9542A7E /* Resources */,
			);
			buildRules = (
			);
			dependencies = (
			);
			name = NeuralEtherOS;
			productName = NeuralEtherOS;
			productReference = F96FD3F547723E8AD6884A0C /* NeuralEtherOS.app */;
			productType = "com.apple.product-type.application";
		};
/* End PBXNativeTarget section */

/* Begin PBXProject section */
		5299AC4324DC18342A8CCD96 /* Project object */ = {
			isa = PBXProject;
			buildConfigurationList = 547095AE1FCB6888116CDBC4 /* Build configuration list for PBXProject "NeuralEtherOS" */;
			compatibilityVersion = "Xcode 14.0";
			developmentRegion = en;
			hasScannedForEncodings = 0;
			knownRegions = (
				en,
				Base,
			);
			mainGroup = B4E6DF54C7469AF0FB91F352;
			productRefGroup = BF7A2D27A78D590BDEF15AF2 /* Products */;
			projectDirPath = "";
			projectRoot = "";
			targets = (
				6772EC0E5D0CA05E04DDDB49 /* NeuralEtherOS */,
			);
		};
/* End PBXProject section */

/* Begin PBXResourcesBuildPhase section */
		BC01316BBCA63BD9F9542A7E /* Resources */ = {
			isa = PBXResourcesBuildPhase;
			buildActionMask = 2147483647;
			files = (
				1253613CF10DAF2FA7DE13DE /* Assets.xcassets in Resources */,
			);
			runOnlyForDeploymentPostprocessing = 0;
		};
/* End PBXResourcesBuildPhase section */

/* Begin PBXSourcesBuildPhase section */
		7B1AB24959979FF757979CE2 /* Sources */ = {
			isa = PBXSourcesBuildPhase;
			buildActionMask = 2147483647;
			files = (
				A57390FCF297F44A8BE26150 /* NeuralEtherApp.swift in Sources */,
				DAE674CC9023273866B5B783 /* NeuralOrchestrator.swift in Sources */,
				BD41A15FD02F3070A7542C32 /* MainContainerView.swift in Sources */,
				88111698888F9DABD9AB3728 /* DesignTokens.swift in Sources */,
				F9CF613BCD15C4E0D9764C57 /* Typography.swift in Sources */,
				F82168BB2F792A09AA9EB130 /* GlassmorphismModifier.swift in Sources */,
				813754ED71A690299C1988F1 /* NeuralButtonStyle.swift in Sources */,
				524EA850591372F5E12A8971 /* NeuralTrace.swift in Sources */,
				99A21712AABB115C56BD700B /* CircularProgressView.swift in Sources */,
				433007093B96A2AEC35A1F68 /* StatBox.swift in Sources */,
				F479B4E3DF44B8032D6AD2D6 /* InsightCard.swift in Sources */,
				A0E50CF6268AF22AA4682A68 /* GhostTextField.swift in Sources */,
				999F6C298FE90C9AD8535A17 /* ProcessChip.swift in Sources */,
				30C55041EEF24C104A99BFCD /* LogListView.swift in Sources */,
				4D1A0B5E095A93A49D165D07 /* DashboardView.swift in Sources */,
				AB1D13059555A2772F0400B6 /* CreativeForgeView.swift in Sources */,
				65EF848F6C03FD5EBFAA0FF6 /* SecurityVaultView.swift in Sources */,
				8FB4156762CD894FB5894A69 /* DeploymentHubView.swift in Sources */,
				6684ACD11DCF5124B757C016 /* NeuralSearchView.swift in Sources */,
				96084FFBA5E0DE359AE55686 /* CreatorPanelView.swift in Sources */,
				95197EF0C00D47E79F9B04B3 /* Color+Hex.swift in Sources */,
			);
			runOnlyForDeploymentPostprocessing = 0;
		};
/* End PBXSourcesBuildPhase section */

/* Begin XCBuildConfiguration section */
		9B78CAAD775A7B1ADCDDB4CB /* Debug */ = {
			isa = XCBuildConfiguration;
			buildSettings = {
				ALWAYS_SEARCH_USER_PATHS = NO;
				ASSETCATALOG_COMPILER_APPICON_NAME = AppIcon;
				CLANG_ANALYZER_NONNULL = YES;
				CLANG_CXX_LANGUAGE_STANDARD = "gnu++20";
				CLANG_ENABLE_MODULES = YES;
				CLANG_ENABLE_OBJC_ARC = YES;
				COPY_PHASE_STRIP = NO;
				DEBUG_INFORMATION_FORMAT = dwarf;
				ENABLE_STRICT_OBJC_MSGSEND = YES;
				ENABLE_TESTABILITY = YES;
				GCC_DYNAMIC_NO_PIC = NO;
				GCC_OPTIMIZATION_LEVEL = 0;
				GCC_PREPROCESSOR_DEFINITIONS = (
					"DEBUG=1",
					"$(inherited)",
				);
				GCC_WARN_64_TO_32_BIT_CONVERSION = YES;
				GCC_WARN_ABOUT_RETURN_TYPE = YES_ERROR;
				GCC_WARN_UNINITIALIZED_AUTOS = YES_AGGRESSIVE;
				GCC_WARN_UNUSED_FUNCTION = YES;
				GCC_WARN_UNUSED_VARIABLE = YES;
				IPHONEOS_DEPLOYMENT_TARGET = 17.0;
				MTL_ENABLE_DEBUG_INFO = INCLUDE_SOURCE;
				MTL_FAST_MATH = YES;
				ONLY_ACTIVE_ARCH = YES;
				SDKROOT = iphoneos;
				SWIFT_ACTIVE_COMPILATION_CONDITIONS = "$(inherited) DEBUG";
				SWIFT_OPTIMIZATION_LEVEL = "-Onone";
			};
			name = Debug;
		};
		67A65AB35555E026329D87C3 /* Release */ = {
			isa = XCBuildConfiguration;
			buildSettings = {
				ALWAYS_SEARCH_USER_PATHS = NO;
				ASSETCATALOG_COMPILER_APPICON_NAME = AppIcon;
				CLANG_ANALYZER_NONNULL = YES;
				CLANG_CXX_LANGUAGE_STANDARD = "gnu++20";
				CLANG_ENABLE_MODULES = YES;
				CLANG_ENABLE_OBJC_ARC = YES;
				COPY_PHASE_STRIP = NO;
				DEBUG_INFORMATION_FORMAT = "dwarf-with-dsym";
				ENABLE_NS_ASSERTIONS = NO;
				ENABLE_STRICT_OBJC_MSGSEND = YES;
				GCC_WARN_64_TO_32_BIT_CONVERSION = YES;
				GCC_WARN_ABOUT_RETURN_TYPE = YES_ERROR;
				GCC_WARN_UNINITIALIZED_AUTOS = YES_AGGRESSIVE;
				GCC_WARN_UNUSED_FUNCTION = YES;
				GCC_WARN_UNUSED_VARIABLE = YES;
				IPHONEOS_DEPLOYMENT_TARGET = 17.0;
				MTL_ENABLE_DEBUG_INFO = NO;
				MTL_FAST_MATH = YES;
				SDKROOT = iphoneos;
				SWIFT_COMPILATION_MODE = wholemodule;
				VALIDATE_PRODUCT = YES;
			};
			name = Release;
		};
		5C1FCF821166A8E947DC58DE /* Debug */ = {
			isa = XCBuildConfiguration;
			buildSettings = {
				ASSETCATALOG_COMPILER_APPICON_NAME = AppIcon;
				ASSETCATALOG_COMPILER_GLOBAL_ACCENT_COLOR_NAME = AccentColor;
				CODE_SIGN_STYLE = Automatic;
				CURRENT_PROJECT_VERSION = 1;
				GENERATE_INFOPLIST_FILE = NO;
				INFOPLIST_FILE = "NeuralEtherOS/Info.plist";
				LD_RUNPATH_SEARCH_PATHS = (
					"$(inherited)",
					"@executable_path/Frameworks",
				);
				MARKETING_VERSION = 1.0;
				PRODUCT_BUNDLE_IDENTIFIER = com.creator.neuralether.os;
				PRODUCT_NAME = "$(TARGET_NAME)";
				SWIFT_EMIT_LOC_STRINGS = YES;
				SWIFT_VERSION = 5.0;
				TARGETED_DEVICE_FAMILY = "1,2";
			};
			name = Debug;
		};
		D8A34C63742B602B66E1CD36 /* Release */ = {
			isa = XCBuildConfiguration;
			buildSettings = {
				ASSETCATALOG_COMPILER_APPICON_NAME = AppIcon;
				ASSETCATALOG_COMPILER_GLOBAL_ACCENT_COLOR_NAME = AccentColor;
				CODE_SIGN_STYLE = Automatic;
				CURRENT_PROJECT_VERSION = 1;
				GENERATE_INFOPLIST_FILE = NO;
				INFOPLIST_FILE = "NeuralEtherOS/Info.plist";
				LD_RUNPATH_SEARCH_PATHS = (
					"$(inherited)",
					"@executable_path/Frameworks",
				);
				MARKETING_VERSION = 1.0;
				PRODUCT_BUNDLE_IDENTIFIER = com.creator.neuralether.os;
				PRODUCT_NAME = "$(TARGET_NAME)";
				SWIFT_EMIT_LOC_STRINGS = YES;
				SWIFT_VERSION = 5.0;
				TARGETED_DEVICE_FAMILY = "1,2";
			};
			name = Release;
		};
/* End XCBuildConfiguration section */

/* Begin XCConfigurationList section */
		547095AE1FCB6888116CDBC4 /* Build configuration list for PBXProject "NeuralEtherOS" */ = {
			isa = XCConfigurationList;
			buildConfigurations = (
				9B78CAAD775A7B1ADCDDB4CB /* Debug */,
				67A65AB35555E026329D87C3 /* Release */,
			);
			defaultConfigurationIsVisible = 0;
			defaultConfigurationName = Release;
		};
		8275601EC0673110326614E6 /* Build configuration list for PBXNativeTarget "NeuralEtherOS" */ = {
			isa = XCConfigurationList;
			buildConfigurations = (
				5C1FCF821166A8E947DC58DE /* Debug */,
				D8A34C63742B602B66E1CD36 /* Release */,
			);
			defaultConfigurationIsVisible = 0;
			defaultConfigurationName = Release;
		};
/* End XCConfigurationList section */

	};
	rootObject = 5299AC4324DC18342A8CCD96 /* Project object */;
}
